
Microsoft Visual Studio Solution File, Format Version 12.00
# Visual Studio 15
VisualStudioVersion = 15.0.28307.421
MinimumVisualStudioVersion = 10.0.40219.1
Project("{FAE04EC0-301F-11D3-BF4B-00C04F79EFBC}") = "SPO.Provider.Basic", "SPO.Provider.Basic\SPO.Provider.Basic.csproj", "{881FEFC9-02E2-4C4A-BFBB-ED21A4D431EE}"
EndProject
Project("{FAE04EC0-301F-11D3-BF4B-00C04F79EFBC}") = "SPO.Provider.BasicWeb", "SPO.Provider.BasicWeb\SPO.Provider.BasicWeb.csproj", "{DC17D9EA-1E9A-4944-8CD8-D1DF50757586}"
EndProject
Global
	GlobalSection(SolutionConfigurationPlatforms) = preSolution
		Debug|Any CPU = Debug|Any CPU
		Release|Any CPU = Release|Any CPU
	EndGlobalSection
	GlobalSection(ProjectConfigurationPlatforms) = postSolution
		{881FEFC9-02E2-4C4A-BFBB-ED21A4D431EE}.Debug|Any CPU.ActiveCfg = Debug|Any CPU
		{881FEFC9-02E2-4C4A-BFBB-ED21A4D431EE}.Debug|Any CPU.Build.0 = Debug|Any CPU
		{881FEFC9-02E2-4C4A-BFBB-ED21A4D431EE}.Debug|Any CPU.Deploy.0 = Debug|Any CPU
		{881FEFC9-02E2-4C4A-BFBB-ED21A4D431EE}.Release|Any CPU.ActiveCfg = Release|Any CPU
		{881FEFC9-02E2-4C4A-BFBB-ED21A4D431EE}.Release|Any CPU.Build.0 = Release|Any CPU
		{881FEFC9-02E2-4C4A-BFBB-ED21A4D431EE}.Release|Any CPU.Deploy.0 = Release|Any CPU
		{DC17D9EA-1E9A-4944-8CD8-D1DF50757586}.Debug|Any CPU.ActiveCfg = Debug|Any CPU
		{DC17D9EA-1E9A-4944-8CD8-D1DF50757586}.Debug|Any CPU.Build.0 = Debug|Any CPU
		{DC17D9EA-1E9A-4944-8CD8-D1DF50757586}.Release|Any CPU.ActiveCfg = Release|Any CPU
		{DC17D9EA-1E9A-4944-8CD8-D1DF50757586}.Release|Any CPU.Build.0 = Release|Any CPU
	EndGlobalSection
	GlobalSection(SolutionProperties) = preSolution
		HideSolutionNode = FALSE
	EndGlobalSection
	GlobalSection(ExtensibilityGlobals) = postSolution
		SolutionGuid = {912A79A7-DDCC-4529-B109-155C8656A276}
	EndGlobalSection
EndGlobal
